
Microsoft Visual Studio Solution File, Format Version 12.00
# Visual Studio Version 17
VisualStudioVersion = 17.1.32328.378
MinimumVisualStudioVersion = 10.0.40219.1
Project("{8BC9CEB8-8B4A-11D0-8D11-00A0C91BC942}") = "test_ELPCam", "test_ELPCam\test_ELPCam.vcxproj", "{F8CB9956-8F24-41A1-A9F6-40F087403B12}"
EndProject
Global
	GlobalSection(SolutionConfigurationPlatforms) = preSolution
		Debug|x64 = Debug|x64
		Debug|x86 = Debug|x86
		Release|x64 = Release|x64
		Release|x86 = Release|x86
	EndGlobalSection
	GlobalSection(ProjectConfigurationPlatforms) = postSolution
		{F8CB9956-8F24-41A1-A9F6-40F087403B12}.Debug|x64.ActiveCfg = Debug|x64
		{F8CB9956-8F24-41A1-A9F6-40F087403B12}.Debug|x64.Build.0 = Debug|x64
		{F8CB9956-8F24-41A1-A9F6-40F087403B12}.Debug|x86.ActiveCfg = Debug|Win32
		{F8CB9956-8F24-41A1-A9F6-40F087403B12}.Debug|x86.Build.0 = Debug|Win32
		{F8CB9956-8F24-41A1-A9F6-40F087403B12}.Release|x64.ActiveCfg = Release|x64
		{F8CB9956-8F24-41A1-A9F6-40F087403B12}.Release|x64.Build.0 = Release|x64
		{F8CB9956-8F24-41A1-A9F6-40F087403B12}.Release|x86.ActiveCfg = Release|Win32
		{F8CB9956-8F24-41A1-A9F6-40F087403B12}.Release|x86.Build.0 = Release|Win32
	EndGlobalSection
	GlobalSection(SolutionProperties) = preSolution
		HideSolutionNode = FALSE
	EndGlobalSection
	GlobalSection(ExtensibilityGlobals) = postSolution
		SolutionGuid = {083B53CE-A991-4DE9-9A8B-CCC8B2A4092A}
	EndGlobalSection
EndGlobal
